
Microsoft Visual Studio Solution File, Format Version 12.00
# Visual Studio 2012
Project("{FAE04EC0-301F-11D3-BF4B-00C04F79EFBC}") = "Banking", "Banking\Banking.csproj", "{C0B9B00F-1CF5-4B76-92A6-B98165E077F1}"
EndProject
Project("{FAE04EC0-301F-11D3-BF4B-00C04F79EFBC}") = "Banking.Tests", "Banking.Tests\Banking.Tests.csproj", "{89795ECC-BDDB-42B8-A141-3DBFD311F776}"
EndProject
Global
	GlobalSection(SolutionConfigurationPlatforms) = preSolution
		Debug|Any CPU = Debug|Any CPU
		Release|Any CPU = Release|Any CPU
	EndGlobalSection
	GlobalSection(ProjectConfigurationPlatforms) = postSolution
		{C0B9B00F-1CF5-4B76-92A6-B98165E077F1}.Debug|Any CPU.ActiveCfg = Debug|Any CPU
		{C0B9B00F-1CF5-4B76-92A6-B98165E077F1}.Debug|Any CPU.Build.0 = Debug|Any CPU
		{C0B9B00F-1CF5-4B76-92A6-B98165E077F1}.Release|Any CPU.ActiveCfg = Release|Any CPU
		{C0B9B00F-1CF5-4B76-92A6-B98165E077F1}.Release|Any CPU.Build.0 = Release|Any CPU
		{89795ECC-BDDB-42B8-A141-3DBFD311F776}.Debug|Any CPU.ActiveCfg = Debug|Any CPU
		{89795ECC-BDDB-42B8-A141-3DBFD311F776}.Debug|Any CPU.Build.0 = Debug|Any CPU
		{89795ECC-BDDB-42B8-A141-3DBFD311F776}.Release|Any CPU.ActiveCfg = Release|Any CPU
		{89795ECC-BDDB-42B8-A141-3DBFD311F776}.Release|Any CPU.Build.0 = Release|Any CPU
	EndGlobalSection
	GlobalSection(SolutionProperties) = preSolution
		HideSolutionNode = FALSE
	EndGlobalSection
EndGlobal
